
Microsoft Visual Studio Solution File, Format Version 12.00
# Visual Studio Version 17
VisualStudioVersion = 17.10.35013.160
MinimumVisualStudioVersion = 10.0.40219.1
Project("{FAE04EC0-301F-11D3-BF4B-00C04F79EFBC}") = "AnyaProject", "AnyaProject.csproj", "{8BBD80AB-BC42-4C75-B538-51F4E6CA910C}"
EndProject
Global
	GlobalSection(SolutionConfigurationPlatforms) = preSolution
		Debug|Any CPU = Debug|Any CPU
		Debug|ARM64 = Debug|ARM64
		Release|Any CPU = Release|Any CPU
		Release|ARM64 = Release|ARM64
	EndGlobalSection
	GlobalSection(ProjectConfigurationPlatforms) = postSolution
		{8BBD80AB-BC42-4C75-B538-51F4E6CA910C}.Debug|Any CPU.ActiveCfg = Debug|Any CPU
		{8BBD80AB-BC42-4C75-B538-51F4E6CA910C}.Debug|Any CPU.Build.0 = Debug|Any CPU
		{8BBD80AB-BC42-4C75-B538-51F4E6CA910C}.Debug|ARM64.ActiveCfg = Debug|Any CPU
		{8BBD80AB-BC42-4C75-B538-51F4E6CA910C}.Debug|ARM64.Build.0 = Debug|Any CPU
		{8BBD80AB-BC42-4C75-B538-51F4E6CA910C}.Release|Any CPU.ActiveCfg = Release|Any CPU
		{8BBD80AB-BC42-4C75-B538-51F4E6CA910C}.Release|Any CPU.Build.0 = Release|Any CPU
		{8BBD80AB-BC42-4C75-B538-51F4E6CA910C}.Release|ARM64.ActiveCfg = Release|Any CPU
		{8BBD80AB-BC42-4C75-B538-51F4E6CA910C}.Release|ARM64.Build.0 = Release|Any CPU
	EndGlobalSection
	GlobalSection(SolutionProperties) = preSolution
		HideSolutionNode = FALSE
	EndGlobalSection
	GlobalSection(ExtensibilityGlobals) = postSolution
		SolutionGuid = {4B132E25-6D8B-44AC-9ACC-D119F3FCB15A}
	EndGlobalSection
EndGlobal
